// !$*UTF8*$!
{
	archiveVersion = 1;
	classes = {
	};
	objectVersion = 56;
	objects = {

/* Begin PBXBuildFile section */
		5D05254D28E5EC1100B63F38 /* DetailsViewController.swift in Sources */ = {isa = PBXBuildFile; fileRef = 5D05254C28E5EC1100B63F38 /* DetailsViewController.swift */; };
		5D05254F28E5F17800B63F38 /* PlaceModel.swift in Sources */ = {isa = PBXBuildFile; fileRef = 5D05254E28E5F17800B63F38 /* PlaceModel.swift */; };
		5D38A77128E0819D00BD3E7F /* AppDelegate.swift in Sources */ = {isa = PBXBuildFile; fileRef = 5D38A77028E0819D00BD3E7F /* AppDelegate.swift */; };
		5D38A77328E0819D00BD3E7F /* SceneDelegate.swift in Sources */ = {isa = PBXBuildFile; fileRef = 5D38A77228E0819D00BD3E7F /* SceneDelegate.swift */; };
		5D38A77528E0819D00BD3E7F /* SignUpVC.swift in Sources */ = {isa = PBXBuildFile; fileRef = 5D38A77428E0819D00BD3E7F /* SignUpVC.swift */; };
		5D38A77828E0819D00BD3E7F /* Main.storyboard in Resources */ = {isa = PBXBuildFile; fileRef = 5D38A77628E0819D00BD3E7F /* Main.storyboard */; };
		5D38A77A28E0819D00BD3E7F /* Assets.xcassets in Resources */ = {isa = PBXBuildFile; fileRef = 5D38A77928E0819D00BD3E7F /* Assets.xcassets */; };
		5D38A77D28E0819D00BD3E7F /* LaunchScreen.storyboard in Resources */ = {isa = PBXBuildFile; fileRef = 5D38A77B28E0819D00BD3E7F /* LaunchScreen.storyboard */; };
		5DED949D28E1CC410003B8EB /* AddPlacesViewController.swift in Sources */ = {isa = PBXBuildFile; fileRef = 5DED949C28E1CC410003B8EB /* AddPlacesViewController.swift */; };
		5DED949F28E1CE3C0003B8EB /* MapVC.swift in Sources */ = {isa = PBXBuildFile; fileRef = 5DED949E28E1CE3C0003B8EB /* MapVC.swift */; };
		5DFE65FC28E0B5D500C6E6BE /* PlacesViewController.swift in Sources */ = {isa = PBXBuildFile; fileRef = 5DFE65FB28E0B5D500C6E6BE /* PlacesViewController.swift */; };
		F155DD0C02502CE81BDD8D5A /* Pods_FourSquareClone.framework in Frameworks */ = {isa = PBXBuildFile; fileRef = A6341AE2A7DE5D658BC4040D /* Pods_FourSquareClone.framework */; };
/* End PBXBuildFile section */

/* Begin PBXFileReference section */
		5D05254C28E5EC1100B63F38 /* DetailsViewController.swift */ = {isa = PBXFileReference; lastKnownFileType = sourcecode.swift; path = DetailsViewController.swift; sourceTree = "<group>"; };
		5D05254E28E5F17800B63F38 /* PlaceModel.swift */ = {isa = PBXFileReference; lastKnownFileType = sourcecode.swift; path = PlaceModel.swift; sourceTree = "<group>"; };
		5D38A76D28E0819D00BD3E7F /* FourSquareClone.app */ = {isa = PBXFileReference; explicitFileType = wrapper.application; includeInIndex = 0; path = FourSquareClone.app; sourceTree = BUILT_PRODUCTS_DIR; };
		5D38A77028E0819D00BD3E7F /* AppDelegate.swift */ = {isa = PBXFileReference; lastKnownFileType = sourcecode.swift; path = AppDelegate.swift; sourceTree = "<group>"; };
		5D38A77228E0819D00BD3E7F /* SceneDelegate.swift */ = {isa = PBXFileReference; lastKnownFileType = sourcecode.swift; path = SceneDelegate.swift; sourceTree = "<group>"; };
		5D38A77428E0819D00BD3E7F /* SignUpVC.swift */ = {isa = PBXFileReference; lastKnownFileType = sourcecode.swift; path = SignUpVC.swift; sourceTree = "<group>"; };
		5D38A77728E0819D00BD3E7F /* Base */ = {isa = PBXFileReference; lastKnownFileType = file.storyboard; name = Base; path = Base.lproj/Main.storyboard; sourceTree = "<group>"; };
		5D38A77928E0819D00BD3E7F /* Assets.xcassets */ = {isa = PBXFileReference; lastKnownFileType = folder.assetcatalog; path = Assets.xcassets; sourceTree = "<group>"; };
		5D38A77C28E0819D00BD3E7F /* Base */ = {isa = PBXFileReference; lastKnownFileType = file.storyboard; name = Base; path = Base.lproj/LaunchScreen.storyboard; sourceTree = "<group>"; };
		5D38A77E28E0819D00BD3E7F /* Info.plist */ = {isa = PBXFileReference; lastKnownFileType = text.plist.xml; path = Info.plist; sourceTree = "<group>"; };
		5DED949C28E1CC410003B8EB /* AddPlacesViewController.swift */ = {isa = PBXFileReference; lastKnownFileType = sourcecode.swift; path = AddPlacesViewController.swift; sourceTree = "<group>"; };
		5DED949E28E1CE3C0003B8EB /* MapVC.swift */ = {isa = PBXFileReference; lastKnownFileType = sourcecode.swift; path = MapVC.swift; sourceTree = "<group>"; };
		5DFE65FB28E0B5D500C6E6BE /* PlacesViewController.swift */ = {isa = PBXFileReference; lastKnownFileType = sourcecode.swift; path = PlacesViewController.swift; sourceTree = "<group>"; };
		A6341AE2A7DE5D658BC4040D /* Pods_FourSquareClone.framework */ = {isa = PBXFileReference; explicitFileType = wrapper.framework; includeInIndex = 0; path = Pods_FourSquareClone.framework; sourceTree = BUILT_PRODUCTS_DIR; };
		B27ED924283B0AEA9F62F862 /* Pods-FourSquareClone.release.xcconfig */ = {isa = PBXFileReference; includeInIndex = 1; lastKnownFileType = text.xcconfig; name = "Pods-FourSquareClone.release.xcconfig"; path = "Target Support Files/Pods-FourSquareClone/Pods-FourSquareClone.release.xcconfig"; sourceTree = "<group>"; };
		CF24CF9D1129086B2A66369F /* Pods-FourSquareClone.debug.xcconfig */ = {isa = PBXFileReference; includeInIndex = 1; lastKnownFileType = text.xcconfig; name = "Pods-FourSquareClone.debug.xcconfig"; path = "Target Support Files/Pods-FourSquareClone/Pods-FourSquareClone.debug.xcconfig"; sourceTree = "<group>"; };
/* End PBXFileReference section */

/* Begin PBXFrameworksBuildPhase section */
		5D38A76A28E0819C00BD3E7F /* Frameworks */ = {
			isa = PBXFrameworksBuildPhase;
			buildActionMask = 2147483647;
			files = (
				F155DD0C02502CE81BDD8D5A /* Pods_FourSquareClone.framework in Frameworks */,
			);
			runOnlyForDeploymentPostprocessing = 0;
		};
/* End PBXFrameworksBuildPhase section */

/* Begin PBXGroup section */
		5D38A76428E0819C00BD3E7F = {
			isa = PBXGroup;
			children = (
				5D38A76F28E0819D00BD3E7F /* FourSquareClone */,
				5D38A76E28E0819D00BD3E7F /* Products */,
				B4CD673F2186396AA89165DF /* Pods */,
				9DF1D4966200B99E6031F4C8 /* Frameworks */,
			);
			sourceTree = "<group>";
		};
		5D38A76E28E0819D00BD3E7F /* Products */ = {
			isa = PBXGroup;
			children = (
				5D38A76D28E0819D00BD3E7F /* FourSquareClone.app */,
			);
			name = Products;
			sourceTree = "<group>";
		};
		5D38A76F28E0819D00BD3E7F /* FourSquareClone */ = {
			isa = PBXGroup;
			children = (
				5D38A77028E0819D00BD3E7F /* AppDelegate.swift */,
				5D38A77228E0819D00BD3E7F /* SceneDelegate.swift */,
				5D38A77428E0819D00BD3E7F /* SignUpVC.swift */,
				5DFE65FB28E0B5D500C6E6BE /* PlacesViewController.swift */,
				5DED949C28E1CC410003B8EB /* AddPlacesViewController.swift */,
				5DED949E28E1CE3C0003B8EB /* MapVC.swift */,
				5D05254C28E5EC1100B63F38 /* DetailsViewController.swift */,
				5D05254E28E5F17800B63F38 /* PlaceModel.swift */,
				5D38A77628E0819D00BD3E7F /* Main.storyboard */,
				5D38A77928E0819D00BD3E7F /* Assets.xcassets */,
				5D38A77B28E0819D00BD3E7F /* LaunchScreen.storyboard */,
				5D38A77E28E0819D00BD3E7F /* Info.plist */,
			);
			path = FourSquareClone;
			sourceTree = "<group>";
		};
		9DF1D4966200B99E6031F4C8 /* Frameworks */ = {
			isa = PBXGroup;
			children = (
				A6341AE2A7DE5D658BC4040D /* Pods_FourSquareClone.framework */,
			);
			name = Frameworks;
			sourceTree = "<group>";
		};
		B4CD673F2186396AA89165DF /* Pods */ = {
			isa = PBXGroup;
			children = (
				CF24CF9D1129086B2A66369F /* Pods-FourSquareClone.debug.xcconfig */,
				B27ED924283B0AEA9F62F862 /* Pods-FourSquareClone.release.xcconfig */,
			);
			path = Pods;
			sourceTree = "<group>";
		};
/* End PBXGroup section */

/* Begin PBXNativeTarget section */
		5D38A76C28E0819C00BD3E7F /* FourSquareClone */ = {
			isa = PBXNativeTarget;
			buildConfigurationList = 5D38A78128E0819D00BD3E7F /* Build configuration list for PBXNativeTarget "FourSquareClone" */;
			buildPhases = (
				4D6A471E65836DF7A0E716FD /* [CP] Check Pods Manifest.lock */,
				5D38A76928E0819C00BD3E7F /* Sources */,
				5D38A76A28E0819C00BD3E7F /* Frameworks */,
				5D38A76B28E0819C00BD3E7F /* Resources */,
				CE60348DEF674E503788232C /* [CP] Embed Pods Frameworks */,
			);
			buildRules = (
			);
			dependencies = (
			);
			name = FourSquareClone;
			productName = FourSquareClone;
			productReference = 5D38A76D28E0819D00BD3E7F /* FourSquareClone.app */;
			productType = "com.apple.product-type.application";
		};
/* End PBXNativeTarget section */

/* Begin PBXProject section */
		5D38A76528E0819C00BD3E7F /* Project object */ = {
			isa = PBXProject;
			attributes = {
				BuildIndependentTargetsInParallel = 1;
				LastSwiftUpdateCheck = 1400;
				LastUpgradeCheck = 1400;
				TargetAttributes = {
					5D38A76C28E0819C00BD3E7F = {
						CreatedOnToolsVersion = 14.0;
					};
				};
			};
			buildConfigurationList = 5D38A76828E0819C00BD3E7F /* Build configuration list for PBXProject "FourSquareClone" */;
			compatibilityVersion = "Xcode 14.0";
			developmentRegion = en;
			hasScannedForEncodings = 0;
			knownRegions = (
				en,
				Base,
			);
			mainGroup = 5D38A76428E0819C00BD3E7F;
			productRefGroup = 5D38A76E28E0819D00BD3E7F /* Products */;
			projectDirPath = "";
			projectRoot = "";
			targets = (
				5D38A76C28E0819C00BD3E7F /* FourSquareClone */,
			);
		};
/* End PBXProject section */

/* Begin PBXResourcesBuildPhase section */
		5D38A76B28E0819C00BD3E7F /* Resources */ = {
			isa = PBXResourcesBuildPhase;
			buildActionMask = 2147483647;
			files = (
				5D38A77D28E0819D00BD3E7F /* LaunchScreen.storyboard in Resources */,
				5D38A77A28E0819D00BD3E7F /* Assets.xcassets in Resources */,
				5D38A77828E0819D00BD3E7F /* Main.storyboard in Resources */,
			);
			runOnlyForDeploymentPostprocessing = 0;
		};
/* End PBXResourcesBuildPhase section */

/* Begin PBXShellScriptBuildPhase section */
		4D6A471E65836DF7A0E716FD /* [CP] Check Pods Manifest.lock */ = {
			isa = PBXShellScriptBuildPhase;
			buildActionMask = 2147483647;
			files = (
			);
			inputFileListPaths = (
			);
			inputPaths = (
				"${PODS_PODFILE_DIR_PATH}/Podfile.lock",
				"${PODS_ROOT}/Manifest.lock",
			);
			name = "[CP] Check Pods Manifest.lock";
			outputFileListPaths = (
			);
			outputPaths = (
				"$(DERIVED_FILE_DIR)/Pods-FourSquareClone-checkManifestLockResult.txt",
			);
			runOnlyForDeploymentPostprocessing = 0;
			shellPath = /bin/sh;
			shellScript = "diff \"${PODS_PODFILE_DIR_PATH}/Podfile.lock\" \"${PODS_ROOT}/Manifest.lock\" > /dev/null\nif [ $? != 0 ] ; then\n    # print error to STDERR\n    echo \"error: The sandbox is not in sync with the Podfile.lock. Run 'pod install' or update your CocoaPods installation.\" >&2\n    exit 1\nfi\n# This output is used by Xcode 'outputs' to avoid re-running this script phase.\necho \"SUCCESS\" > \"${SCRIPT_OUTPUT_FILE_0}\"\n";
			showEnvVarsInLog = 0;
		};
		CE60348DEF674E503788232C /* [CP] Embed Pods Frameworks */ = {
			isa = PBXShellScriptBuildPhase;
			buildActionMask = 2147483647;
			files = (
			);
			inputFileListPaths = (
				"${PODS_ROOT}/Target Support Files/Pods-FourSquareClone/Pods-FourSquareClone-frameworks-${CONFIGURATION}-input-files.xcfilelist",
			);
			name = "[CP] Embed Pods Frameworks";
			outputFileListPaths = (
				"${PODS_ROOT}/Target Support Files/Pods-FourSquareClone/Pods-FourSquareClone-frameworks-${CONFIGURATION}-output-files.xcfilelist",
			);
			runOnlyForDeploymentPostprocessing = 0;
			shellPath = /bin/sh;
			shellScript = "\"${PODS_ROOT}/Target Support Files/Pods-FourSquareClone/Pods-FourSquareClone-frameworks.sh\"\n";
			showEnvVarsInLog = 0;
		};
/* End PBXShellScriptBuildPhase section */

/* Begin PBXSourcesBuildPhase section */
		5D38A76928E0819C00BD3E7F /* Sources */ = {
			isa = PBXSourcesBuildPhase;
			buildActionMask = 2147483647;
			files = (
				5DED949D28E1CC410003B8EB /* AddPlacesViewController.swift in Sources */,
				5D05254F28E5F17800B63F38 /* PlaceModel.swift in Sources */,
				5DED949F28E1CE3C0003B8EB /* MapVC.swift in Sources */,
				5DFE65FC28E0B5D500C6E6BE /* PlacesViewController.swift in Sources */,
				5D38A77528E0819D00BD3E7F /* SignUpVC.swift in Sources */,
				5D05254D28E5EC1100B63F38 /* DetailsViewController.swift in Sources */,
				5D38A77128E0819D00BD3E7F /* AppDelegate.swift in Sources */,
				5D38A77328E0819D00BD3E7F /* SceneDelegate.swift in Sources */,
			);
			runOnlyForDeploymentPostprocessing = 0;
		};
/* End PBXSourcesBuildPhase section */

/* Begin PBXVariantGroup section */
		5D38A77628E0819D00BD3E7F /* Main.storyboard */ = {
			isa = PBXVariantGroup;
			children = (
				5D38A77728E0819D00BD3E7F /* Base */,
			);
			name = Main.storyboard;
			sourceTree = "<group>";
		};
		5D38A77B28E0819D00BD3E7F /* LaunchScreen.storyboard */ = {
			isa = PBXVariantGroup;
			children = (
				5D38A77C28E0819D00BD3E7F /* Base */,
			);
			name = LaunchScreen.storyboard;
			sourceTree = "<group>";
		};
/* End PBXVariantGroup section */

/* Begin XCBuildConfiguration section */
		5D38A77F28E0819D00BD3E7F /* Debug */ = {
			isa = XCBuildConfiguration;
			buildSettings = {
				ALWAYS_SEARCH_USER_PATHS = NO;
				CLANG_ANALYZER_NONNULL = YES;
				CLANG_ANALYZER_NUMBER_OBJECT_CONVERSION = YES_AGGRESSIVE;
				CLANG_CXX_LANGUAGE_STANDARD = "gnu++20";
				CLANG_ENABLE_MODULES = YES;
				CLANG_ENABLE_OBJC_ARC = YES;
				CLANG_ENABLE_OBJC_WEAK = YES;
				CLANG_WARN_BLOCK_CAPTURE_AUTORELEASING = YES;
				CLANG_WARN_BOOL_CONVERSION = YES;
				CLANG_WARN_COMMA = YES;
				CLANG_WARN_CONSTANT_CONVERSION = YES;
				CLANG_WARN_DEPRECATED_OBJC_IMPLEMENTATIONS = YES;
				CLANG_WARN_DIRECT_OBJC_ISA_USAGE = YES_ERROR;
				CLANG_WARN_DOCUMENTATION_COMMENTS = YES;
				CLANG_WARN_EMPTY_BODY = YES;
				CLANG_WARN_ENUM_CONVERSION = YES;
				CLANG_WARN_INFINITE_RECURSION = YES;
				CLANG_WARN_INT_CONVERSION = YES;
				CLANG_WARN_NON_LITERAL_NULL_CONVERSION = YES;
				CLANG_WARN_OBJC_IMPLICIT_RETAIN_SELF = YES;
				CLANG_WARN_OBJC_LITERAL_CONVERSION = YES;
				CLANG_WARN_OBJC_ROOT_CLASS = YES_ERROR;
				CLANG_WARN_QUOTED_INCLUDE_IN_FRAMEWORK_HEADER = YES;
				CLANG_WARN_RANGE_LOOP_ANALYSIS = YES;
				CLANG_WARN_STRICT_PROTOTYPES = YES;
				CLANG_WARN_SUSPICIOUS_MOVE = YES;
				CLANG_WARN_UNGUARDED_AVAILABILITY = YES_AGGRESSIVE;
				CLANG_WARN_UNREACHABLE_CODE = YES;
				CLANG_WARN__DUPLICATE_METHOD_MATCH = YES;
				COPY_PHASE_STRIP = NO;
				DEBUG_INFORMATION_FORMAT = dwarf;
				ENABLE_STRICT_OBJC_MSGSEND = YES;
				ENABLE_TESTABILITY = YES;
				GCC_C_LANGUAGE_STANDARD = gnu11;
				GCC_DYNAMIC_NO_PIC = NO;
				GCC_NO_COMMON_BLOCKS = YES;
				GCC_OPTIMIZATION_LEVEL = 0;
				GCC_PREPROCESSOR_DEFINITIONS = (
					"DEBUG=1",
					"$(inherited)",
				);
				GCC_WARN_64_TO_32_BIT_CONVERSION = YES;
				GCC_WARN_ABOUT_RETURN_TYPE = YES_ERROR;
				GCC_WARN_UNDECLARED_SELECTOR = YES;
				GCC_WARN_UNINITIALIZED_AUTOS = YES_AGGRESSIVE;
				GCC_WARN_UNUSED_FUNCTION = YES;
				GCC_WARN_UNUSED_VARIABLE = YES;
				IPHONEOS_DEPLOYMENT_TARGET = 16.0;
				MTL_ENABLE_DEBUG_INFO = INCLUDE_SOURCE;
				MTL_FAST_MATH = YES;
				ONLY_ACTIVE_ARCH = YES;
				SDKROOT = iphoneos;
				SWIFT_ACTIVE_COMPILATION_CONDITIONS = DEBUG;
				SWIFT_OPTIMIZATION_LEVEL = "-Onone";
			};
			name = Debug;
		};
		5D38A78028E0819D00BD3E7F /* Release */ = {
			isa = XCBuildConfiguration;
			buildSettings = {
				ALWAYS_SEARCH_USER_PATHS = NO;
				CLANG_ANALYZER_NONNULL = YES;
				CLANG_ANALYZER_NUMBER_OBJECT_CONVERSION = YES_AGGRESSIVE;
				CLANG_CXX_LANGUAGE_STANDARD = "gnu++20";
				CLANG_ENABLE_MODULES = YES;
				CLANG_ENABLE_OBJC_ARC = YES;
				CLANG_ENABLE_OBJC_WEAK = YES;
				CLANG_WARN_BLOCK_CAPTURE_AUTORELEASING = YES;
				CLANG_WARN_BOOL_CONVERSION = YES;
				CLANG_WARN_COMMA = YES;
				CLANG_WARN_CONSTANT_CONVERSION = YES;
				CLANG_WARN_DEPRECATED_OBJC_IMPLEMENTATIONS = YES;
				CLANG_WARN_DIRECT_OBJC_ISA_USAGE = YES_ERROR;
				CLANG_WARN_DOCUMENTATION_COMMENTS = YES;
				CLANG_WARN_EMPTY_BODY = YES;
				CLANG_WARN_ENUM_CONVERSION = YES;
				CLANG_WARN_INFINITE_RECURSION = YES;
				CLANG_WARN_INT_CONVERSION = YES;
				CLANG_WARN_NON_LITERAL_NULL_CONVERSION = YES;
				CLANG_WARN_OBJC_IMPLICIT_RETAIN_SELF = YES;
				CLANG_WARN_OBJC_LITERAL_CONVERSION = YES;
				CLANG_WARN_OBJC_ROOT_CLASS = YES_ERROR;
				CLANG_WARN_QUOTED_INCLUDE_IN_FRAMEWORK_HEADER = YES;
				CLANG_WARN_RANGE_LOOP_ANALYSIS = YES;
				CLANG_WARN_STRICT_PROTOTYPES = YES;
				CLANG_WARN_SUSPICIOUS_MOVE = YES;
				CLANG_WARN_UNGUARDED_AVAILABILITY = YES_AGGRESSIVE;
				CLANG_WARN_UNREACHABLE_CODE = YES;
				CLANG_WARN__DUPLICATE_METHOD_MATCH = YES;
				COPY_PHASE_STRIP = NO;
				DEBUG_INFORMATION_FORMAT = "dwarf-with-dsym";
				ENABLE_NS_ASSERTIONS = NO;
				ENABLE_STRICT_OBJC_MSGSEND = YES;
				GCC_C_LANGUAGE_STANDARD = gnu11;
				GCC_NO_COMMON_BLOCKS = YES;
				GCC_WARN_64_TO_32_BIT_CONVERSION = YES;
				GCC_WARN_ABOUT_RETURN_TYPE = YES_ERROR;
				GCC_WARN_UNDECLARED_SELECTOR = YES;
				GCC_WARN_UNINITIALIZED_AUTOS = YES_AGGRESSIVE;
				GCC_WARN_UNUSED_FUNCTION = YES;
				GCC_WARN_UNUSED_VARIABLE = YES;
				IPHONEOS_DEPLOYMENT_TARGET = 16.0;
				MTL_ENABLE_DEBUG_INFO = NO;
				MTL_FAST_MATH = YES;
				SDKROOT = iphoneos;
				SWIFT_COMPILATION_MODE = wholemodule;
				SWIFT_OPTIMIZATION_LEVEL = "-O";
				VALIDATE_PRODUCT = YES;
			};
			name = Release;
		};
		5D38A78228E0819D00BD3E7F /* Debug */ = {
			isa = XCBuildConfiguration;
			baseConfigurationReference = CF24CF9D1129086B2A66369F /* Pods-FourSquareClone.debug.xcconfig */;
			buildSettings = {
				ASSETCATALOG_COMPILER_APPICON_NAME = AppIcon;
				ASSETCATALOG_COMPILER_GLOBAL_ACCENT_COLOR_NAME = AccentColor;
				CODE_SIGN_STYLE = Automatic;
				CURRENT_PROJECT_VERSION = 1;
				DEVELOPMENT_TEAM = 98S838N7Z3;
				GENERATE_INFOPLIST_FILE = YES;
				INFOPLIST_FILE = FourSquareClone/Info.plist;
				INFOPLIST_KEY_UIApplicationSupportsIndirectInputEvents = YES;
				INFOPLIST_KEY_UILaunchStoryboardName = LaunchScreen;
				INFOPLIST_KEY_UIMainStoryboardFile = Main;
				INFOPLIST_KEY_UISupportedInterfaceOrientations = UIInterfaceOrientationPortrait;
				INFOPLIST_KEY_UISupportedInterfaceOrientations_iPad = "UIInterfaceOrientationLandscapeLeft UIInterfaceOrientationLandscapeRight UIInterfaceOrientationPortrait UIInterfaceOrientationPortraitUpsideDown";
				LD_RUNPATH_SEARCH_PATHS = (
					"$(inherited)",
					"@executable_path/Frameworks",
				);
				MARKETING_VERSION = 1.0;
				PRODUCT_BUNDLE_IDENTIFIER = com.noyancepikkurt.FourSquareClone;
				PRODUCT_NAME = "$(TARGET_NAME)";
				SWIFT_EMIT_LOC_STRINGS = YES;
				SWIFT_VERSION = 5.0;
				TARGETED_DEVICE_FAMILY = "1,2";
			};
			name = Debug;
		};
		5D38A78328E0819D00BD3E7F /* Release */ = {
			isa = XCBuildConfiguration;
			baseConfigurationReference = B27ED924283B0AEA9F62F862 /* Pods-FourSquareClone.release.xcconfig */;
			buildSettings = {
				ASSETCATALOG_COMPILER_APPICON_NAME = AppIcon;
				ASSETCATALOG_COMPILER_GLOBAL_ACCENT_COLOR_NAME = AccentColor;
				CODE_SIGN_STYLE = Automatic;
				CURRENT_PROJECT_VERSION = 1;
				DEVELOPMENT_TEAM = 98S838N7Z3;
				GENERATE_INFOPLIST_FILE = YES;
				INFOPLIST_FILE = FourSquareClone/Info.plist;
				INFOPLIST_KEY_UIApplicationSupportsIndirectInputEvents = YES;
				INFOPLIST_KEY_UILaunchStoryboardName = LaunchScreen;
				INFOPLIST_KEY_UIMainStoryboardFile = Main;
				INFOPLIST_KEY_UISupportedInterfaceOrientations = UIInterfaceOrientationPortrait;
				INFOPLIST_KEY_UISupportedInterfaceOrientations_iPad = "UIInterfaceOrientationLandscapeLeft UIInterfaceOrientationLandscapeRight UIInterfaceOrientationPortrait UIInterfaceOrientationPortraitUpsideDown";
				LD_RUNPATH_SEARCH_PATHS = (
					"$(inherited)",
					"@executable_path/Frameworks",
				);
				MARKETING_VERSION = 1.0;
				PRODUCT_BUNDLE_IDENTIFIER = com.noyancepikkurt.FourSquareClone;
				PRODUCT_NAME = "$(TARGET_NAME)";
				SWIFT_EMIT_LOC_STRINGS = YES;
				SWIFT_VERSION = 5.0;
				TARGETED_DEVICE_FAMILY = "1,2";
			};
			name = Release;
		};
/* End XCBuildConfiguration section */

/* Begin XCConfigurationList section */
		5D38A76828E0819C00BD3E7F /* Build configuration list for PBXProject "FourSquareClone" */ = {
			isa = XCConfigurationList;
			buildConfigurations = (
				5D38A77F28E0819D00BD3E7F /* Debug */,
				5D38A78028E0819D00BD3E7F /* Release */,
			);
			defaultConfigurationIsVisible = 0;
			defaultConfigurationName = Release;
		};
		5D38A78128E0819D00BD3E7F /* Build configuration list for PBXNativeTarget "FourSquareClone" */ = {
			isa = XCConfigurationList;
			buildConfigurations = (
				5D38A78228E0819D00BD3E7F /* Debug */,
				5D38A78328E0819D00BD3E7F /* Release */,
			);
			defaultConfigurationIsVisible = 0;
			defaultConfigurationName = Release;
		};
/* End XCConfigurationList section */
	};
	rootObject = 5D38A76528E0819C00BD3E7F /* Project object */;
}
